<?xml version="1.0" encoding="utf-8"?>
<Project ToolsVersion="4.0" xmlns="http://schemas.microsoft.com/developer/msbuild/2003">
  <ItemGroup>
    <Filter Include="Source Files">
      <UniqueIdentifier>{4FC737F1-C7A5-4376-A066-2A32D752A2FF}</UniqueIdentifier>
      <Extensions>cpp;c;cc;cxx;def;odl;idl;hpj;bat;asm;asmx</Extensions>
    </Filter>
    <Filter Include="Header Files">
      <UniqueIdentifier>{93995380-89BD-4b04-88EB-625FBE52EBFB}</UniqueIdentifier>
      <Extensions>h;hh;hpp;hxx;hm;inl;inc;ipp;xsd</Extensions>
    </Filter>
    <Filter Include="Resource Files">
      <UniqueIdentifier>{67DA6AB6-F800-4c08-8B7A-83BB121AAD01}</UniqueIdentifier>
      <Extensions>rc;ico;cur;bmp;dlg;rc2;rct;bin;rgs;gif;jpg;jpeg;jpe;resx;tiff;tif;png;wav;mfcribbon-ms</Extensions>
    </Filter>
  </ItemGroup>
  <ItemGroup>
    <ClCompile Include="Main.cpp">
      <Filter>Source Files</Filter>
    </ClCompile>
    <ClCompile Include="Orc.cpp">
      <Filter>Source Files</Filter>
    </ClCompile>
    <ClCompile Include="Troll.cpp">
      <Filter>Source Files</Filter>
    </ClCompile>
    <ClCompile Include="Attack.cpp">
      <Filter>Source Files</Filter>
    </ClCompile>
    <ClCompile Include="Spell.cpp">
      <Filter>Source Files</Filter>
    </ClCompile>
    <ClCompile Include="Melee.cpp">
      <Filter>Source Files</Filter>
    </ClCompile>
    <ClCompile Include="Shield.cpp">
      <Filter>Source Files</Filter>
    </ClCompile>
    <ClCompile Include="Human.cpp">
      <Filter>Source Files</Filter>
    </ClCompile>
    <ClCompile Include="Punch.cpp">
      <Filter>Source Files</Filter>
    </ClCompile>
    <ClCompile Include="Tap.cpp">
      <Filter>Source Files</Filter>
    </ClCompile>
    <ClCompile Include="Tornado.cpp">
      <Filter>Source Files</Filter>
    </ClCompile>
    <ClCompile Include="BigPunch.cpp">
      <Filter>Source Files</Filter>
    </ClCompile>
    <ClCompile Include="Twisted.cpp">
      <Filter>Source Files</Filter>
    </ClCompile>
    <ClCompile Include="Regeneration.cpp">
      <Filter>Source Files</Filter>
    </ClCompile>
    <ClCompile Include="FireBall.cpp">
      <Filter>Source Files</Filter>
    </ClCompile>
    <ClCompile Include="FireBlast.cpp">
      <Filter>Source Files</Filter>
    </ClCompile>
    <ClCompile Include="BigFireBlast.cpp">
      <Filter>Source Files</Filter>
    </ClCompile>
    <ClCompile Include="StoneRain.cpp">
      <Filter>Source Files</Filter>
    </ClCompile>
    <ClCompile Include="IceBall.cpp">
      <Filter>Source Files</Filter>
    </ClCompile>
    <ClCompile Include="RegenerationSpell.cpp">
      <Filter>Source Files</Filter>
    </ClCompile>
    <ClCompile Include="IronShield.cpp">
      <Filter>Source Files</Filter>
    </ClCompile>
    <ClCompile Include="HalfMagicShield.cpp">
      <Filter>Source Files</Filter>
    </ClCompile>
    <ClCompile Include="MagicShield.cpp">
      <Filter>Source Files</Filter>
    </ClCompile>
    <ClCompile Include="Character.cpp">
      <Filter>Source Files</Filter>
    </ClCompile>
    <ClCompile Include="Interface.cpp">
      <Filter>Source Files</Filter>
    </ClCompile>
    <ClCompile Include="Game.cpp">
      <Filter>Source Files</Filter>
    </ClCompile>
  </ItemGroup>
  <ItemGroup>
    <ClInclude Include="Character.h">
      <Filter>Header Files</Filter>
    </ClInclude>
    <ClInclude Include="Orc.h">
      <Filter>Header Files</Filter>
    </ClInclude>
    <ClInclude Include="Troll.h">
      <Filter>Header Files</Filter>
    </ClInclude>
    <ClInclude Include="Attack.h">
      <Filter>Header Files</Filter>
    </ClInclude>
    <ClInclude Include="Spell.h">
      <Filter>Header Files</Filter>
    </ClInclude>
    <ClInclude Include="Melee.h">
      <Filter>Header Files</Filter>
    </ClInclude>
    <ClInclude Include="Shield.h">
      <Filter>Header Files</Filter>
    </ClInclude>
    <ClInclude Include="GameObject.h">
      <Filter>Header Files</Filter>
    </ClInclude>
    <ClInclude Include="Human.h">
      <Filter>Header Files</Filter>
    </ClInclude>
    <ClInclude Include="Punch.h">
      <Filter>Header Files</Filter>
    </ClInclude>
    <ClInclude Include="Tap.h">
      <Filter>Header Files</Filter>
    </ClInclude>
    <ClInclude Include="Tornado.h">
      <Filter>Header Files</Filter>
    </ClInclude>
    <ClInclude Include="BigPunch.h">
      <Filter>Header Files</Filter>
    </ClInclude>
    <ClInclude Include="Twisted.h">
      <Filter>Header Files</Filter>
    </ClInclude>
    <ClInclude Include="Regeneration.h">
      <Filter>Header Files</Filter>
    </ClInclude>
    <ClInclude Include="FireBall.h">
      <Filter>Header Files</Filter>
    </ClInclude>
    <ClInclude Include="FireBlast.h">
      <Filter>Header Files</Filter>
    </ClInclude>
    <ClInclude Include="BigFireBlast.h">
      <Filter>Header Files</Filter>
    </ClInclude>
    <ClInclude Include="StoneRain.h">
      <Filter>Header Files</Filter>
    </ClInclude>
    <ClInclude Include="IceBall.h">
      <Filter>Header Files</Filter>
    </ClInclude>
    <ClInclude Include="RegenerationSpell.h">
      <Filter>Header Files</Filter>
    </ClInclude>
    <ClInclude Include="IronShield.h">
      <Filter>Header Files</Filter>
    </ClInclude>
    <ClInclude Include="HalfMagicShield.h">
      <Filter>Header Files</Filter>
    </ClInclude>
    <ClInclude Include="MagicShield.h">
      <Filter>Header Files</Filter>
    </ClInclude>
    <ClInclude Include="Interface.h">
      <Filter>Header Files</Filter>
    </ClInclude>
    <ClInclude Include="Game.h">
      <Filter>Header Files</Filter>
    </ClInclude>
  </ItemGroup>
</Project>